
Microsoft Visual Studio Solution File, Format Version 12.00
# Visual Studio Version 17
VisualStudioVersion = 17.11.35219.272
MinimumVisualStudioVersion = 10.0.40219.1
Project("{FAE04EC0-301F-11D3-BF4B-00C04F79EFBC}") = "changepwd", "changepwd\changepwd.csproj", "{5A1F56CA-7775-4E66-BF36-BA4894181544}"
EndProject
Global
	GlobalSection(SolutionConfigurationPlatforms) = preSolution
		Debug|Any CPU = Debug|Any CPU
		Release|Any CPU = Release|Any CPU
	EndGlobalSection
	GlobalSection(ProjectConfigurationPlatforms) = postSolution
		{5A1F56CA-7775-4E66-BF36-BA4894181544}.Debug|Any CPU.ActiveCfg = Debug|Any CPU
		{5A1F56CA-7775-4E66-BF36-BA4894181544}.Debug|Any CPU.Build.0 = Debug|Any CPU
		{5A1F56CA-7775-4E66-BF36-BA4894181544}.Release|Any CPU.ActiveCfg = Release|Any CPU
		{5A1F56CA-7775-4E66-BF36-BA4894181544}.Release|Any CPU.Build.0 = Release|Any CPU
	EndGlobalSection
	GlobalSection(SolutionProperties) = preSolution
		HideSolutionNode = FALSE
	EndGlobalSection
	GlobalSection(ExtensibilityGlobals) = postSolution
		SolutionGuid = {4472FEDE-B039-4905-9BC9-6F50CE6D4C84}
	EndGlobalSection
EndGlobal
